
Microsoft Visual Studio Solution File, Format Version 12.00
# Visual Studio Version 17
VisualStudioVersion = 17.14.36811.4 d17.14
MinimumVisualStudioVersion = 10.0.40219.1
Project("{FAE04EC0-301F-11D3-BF4B-00C04F79EFBC}") = "MovieLibrary", "MovieLibrary.csproj", "{CB59E22A-0A4C-433F-B581-6C2A982AFF66}"
EndProject
Global
	GlobalSection(SolutionConfigurationPlatforms) = preSolution
		Debug|Any CPU = Debug|Any CPU
		Release|Any CPU = Release|Any CPU
	EndGlobalSection
	GlobalSection(ProjectConfigurationPlatforms) = postSolution
		{CB59E22A-0A4C-433F-B581-6C2A982AFF66}.Debug|Any CPU.ActiveCfg = Debug|Any CPU
		{CB59E22A-0A4C-433F-B581-6C2A982AFF66}.Debug|Any CPU.Build.0 = Debug|Any CPU
		{CB59E22A-0A4C-433F-B581-6C2A982AFF66}.Release|Any CPU.ActiveCfg = Release|Any CPU
		{CB59E22A-0A4C-433F-B581-6C2A982AFF66}.Release|Any CPU.Build.0 = Release|Any CPU
	EndGlobalSection
	GlobalSection(SolutionProperties) = preSolution
		HideSolutionNode = FALSE
	EndGlobalSection
	GlobalSection(ExtensibilityGlobals) = postSolution
		SolutionGuid = {71ECF2F5-9142-4FFF-9FB1-29A84041DBFD}
	EndGlobalSection
EndGlobal
